
Microsoft Visual Studio Solution File, Format Version 12.00
# Visual Studio Version 17
VisualStudioVersion = 17.5.002.0
MinimumVisualStudioVersion = 10.0.40219.1
Project("{9A19103F-16F7-4668-BE54-9A1E7A4F7556}") = "backend", "backend\backend.csproj", "{A47095C4-C5A4-4A05-8E52-047F57ABE258}"
EndProject
Global
	GlobalSection(SolutionConfigurationPlatforms) = preSolution
		Debug|Any CPU = Debug|Any CPU
		Release|Any CPU = Release|Any CPU
	EndGlobalSection
	GlobalSection(ProjectConfigurationPlatforms) = postSolution
		{A47095C4-C5A4-4A05-8E52-047F57ABE258}.Debug|Any CPU.ActiveCfg = Debug|Any CPU
		{A47095C4-C5A4-4A05-8E52-047F57ABE258}.Debug|Any CPU.Build.0 = Debug|Any CPU
		{A47095C4-C5A4-4A05-8E52-047F57ABE258}.Release|Any CPU.ActiveCfg = Release|Any CPU
		{A47095C4-C5A4-4A05-8E52-047F57ABE258}.Release|Any CPU.Build.0 = Release|Any CPU
	EndGlobalSection
	GlobalSection(SolutionProperties) = preSolution
		HideSolutionNode = FALSE
	EndGlobalSection
	GlobalSection(ExtensibilityGlobals) = postSolution
		SolutionGuid = {C6A42278-D740-4E30-B3F8-FF591BEF95D4}
	EndGlobalSection
EndGlobal
